
Microsoft Visual Studio Solution File, Format Version 12.00
# Visual Studio Version 17
VisualStudioVersion = 17.12.35521.163
MinimumVisualStudioVersion = 10.0.40219.1
Project("{2150E333-8FDC-42A3-9474-1A3956D46DE8}") = "Services", "Services", "{47AAF08D-9601-4DB5-B9B6-6D2253A09A42}"
EndProject
Project("{2150E333-8FDC-42A3-9474-1A3956D46DE8}") = "Order", "Order", "{4E0BDE13-DA40-4307-918F-BFE46D8DBEB7}"
EndProject
Project("{FAE04EC0-301F-11D3-BF4B-00C04F79EFBC}") = "Order.API", "Order.API\Order.API.csproj", "{880FE579-67C1-4A96-B560-FDD9780F9243}"
EndProject
Project("{FAE04EC0-301F-11D3-BF4B-00C04F79EFBC}") = "Order.Domain", "Order.Domain\Order.Domain.csproj", "{71395DAF-3504-4DFE-A3CB-7563865E6967}"
EndProject
Project("{FAE04EC0-301F-11D3-BF4B-00C04F79EFBC}") = "Order.Infrastructure", "Order.Infrastructure\Order.Infrastructure.csproj", "{1317B712-83B5-4229-A9EF-C3720E9CE769}"
EndProject
Project("{FAE04EC0-301F-11D3-BF4B-00C04F79EFBC}") = "Order.Application", "Order.Application\Order.Application.csproj", "{9896081B-8C75-41E8-A889-2B03C6CE24E5}"
EndProject
Project("{2150E333-8FDC-42A3-9474-1A3956D46DE8}") = "Shared", "Shared", "{C6139B85-5C43-42F5-BD6C-BCC6A8F1D61F}"
EndProject
Project("{FAE04EC0-301F-11D3-BF4B-00C04F79EFBC}") = "Kernal", "Kernal\Kernal.csproj", "{2A96D017-B6FC-47DB-811C-D5025FBCBC06}"
EndProject
Project("{FAE04EC0-301F-11D3-BF4B-00C04F79EFBC}") = "MediatorCoordinator", "MediatorCoordinator\MediatorCoordinator.csproj", "{E6501C99-97E8-430F-AE5D-A5C2B1BD3851}"
EndProject
Project("{FAE04EC0-301F-11D3-BF4B-00C04F79EFBC}") = "Persistence", "Persistence\Persistence.csproj", "{F2E258A8-DED6-4CFE-B982-EEA606C0F355}"
EndProject
Project("{FAE04EC0-301F-11D3-BF4B-00C04F79EFBC}") = "Order.Test", "Order.Test\Order.Test.csproj", "{64261E41-C8A4-4045-ACD2-495A6C6F6F4F}"
EndProject
Global
	GlobalSection(SolutionConfigurationPlatforms) = preSolution
		Debug|Any CPU = Debug|Any CPU
		Release|Any CPU = Release|Any CPU
	EndGlobalSection
	GlobalSection(ProjectConfigurationPlatforms) = postSolution
		{880FE579-67C1-4A96-B560-FDD9780F9243}.Debug|Any CPU.ActiveCfg = Debug|Any CPU
		{880FE579-67C1-4A96-B560-FDD9780F9243}.Debug|Any CPU.Build.0 = Debug|Any CPU
		{880FE579-67C1-4A96-B560-FDD9780F9243}.Release|Any CPU.ActiveCfg = Release|Any CPU
		{880FE579-67C1-4A96-B560-FDD9780F9243}.Release|Any CPU.Build.0 = Release|Any CPU
		{71395DAF-3504-4DFE-A3CB-7563865E6967}.Debug|Any CPU.ActiveCfg = Debug|Any CPU
		{71395DAF-3504-4DFE-A3CB-7563865E6967}.Debug|Any CPU.Build.0 = Debug|Any CPU
		{71395DAF-3504-4DFE-A3CB-7563865E6967}.Release|Any CPU.ActiveCfg = Release|Any CPU
		{71395DAF-3504-4DFE-A3CB-7563865E6967}.Release|Any CPU.Build.0 = Release|Any CPU
		{1317B712-83B5-4229-A9EF-C3720E9CE769}.Debug|Any CPU.ActiveCfg = Debug|Any CPU
		{1317B712-83B5-4229-A9EF-C3720E9CE769}.Debug|Any CPU.Build.0 = Debug|Any CPU
		{1317B712-83B5-4229-A9EF-C3720E9CE769}.Release|Any CPU.ActiveCfg = Release|Any CPU
		{1317B712-83B5-4229-A9EF-C3720E9CE769}.Release|Any CPU.Build.0 = Release|Any CPU
		{9896081B-8C75-41E8-A889-2B03C6CE24E5}.Debug|Any CPU.ActiveCfg = Debug|Any CPU
		{9896081B-8C75-41E8-A889-2B03C6CE24E5}.Debug|Any CPU.Build.0 = Debug|Any CPU
		{9896081B-8C75-41E8-A889-2B03C6CE24E5}.Release|Any CPU.ActiveCfg = Release|Any CPU
		{9896081B-8C75-41E8-A889-2B03C6CE24E5}.Release|Any CPU.Build.0 = Release|Any CPU
		{2A96D017-B6FC-47DB-811C-D5025FBCBC06}.Debug|Any CPU.ActiveCfg = Debug|Any CPU
		{2A96D017-B6FC-47DB-811C-D5025FBCBC06}.Debug|Any CPU.Build.0 = Debug|Any CPU
		{2A96D017-B6FC-47DB-811C-D5025FBCBC06}.Release|Any CPU.ActiveCfg = Release|Any CPU
		{2A96D017-B6FC-47DB-811C-D5025FBCBC06}.Release|Any CPU.Build.0 = Release|Any CPU
		{E6501C99-97E8-430F-AE5D-A5C2B1BD3851}.Debug|Any CPU.ActiveCfg = Debug|Any CPU
		{E6501C99-97E8-430F-AE5D-A5C2B1BD3851}.Debug|Any CPU.Build.0 = Debug|Any CPU
		{E6501C99-97E8-430F-AE5D-A5C2B1BD3851}.Release|Any CPU.ActiveCfg = Release|Any CPU
		{E6501C99-97E8-430F-AE5D-A5C2B1BD3851}.Release|Any CPU.Build.0 = Release|Any CPU
		{F2E258A8-DED6-4CFE-B982-EEA606C0F355}.Debug|Any CPU.ActiveCfg = Debug|Any CPU
		{F2E258A8-DED6-4CFE-B982-EEA606C0F355}.Debug|Any CPU.Build.0 = Debug|Any CPU
		{F2E258A8-DED6-4CFE-B982-EEA606C0F355}.Release|Any CPU.ActiveCfg = Release|Any CPU
		{F2E258A8-DED6-4CFE-B982-EEA606C0F355}.Release|Any CPU.Build.0 = Release|Any CPU
		{64261E41-C8A4-4045-ACD2-495A6C6F6F4F}.Debug|Any CPU.ActiveCfg = Debug|Any CPU
		{64261E41-C8A4-4045-ACD2-495A6C6F6F4F}.Debug|Any CPU.Build.0 = Debug|Any CPU
		{64261E41-C8A4-4045-ACD2-495A6C6F6F4F}.Release|Any CPU.ActiveCfg = Release|Any CPU
		{64261E41-C8A4-4045-ACD2-495A6C6F6F4F}.Release|Any CPU.Build.0 = Release|Any CPU
	EndGlobalSection
	GlobalSection(SolutionProperties) = preSolution
		HideSolutionNode = FALSE
	EndGlobalSection
	GlobalSection(NestedProjects) = preSolution
		{4E0BDE13-DA40-4307-918F-BFE46D8DBEB7} = {47AAF08D-9601-4DB5-B9B6-6D2253A09A42}
		{880FE579-67C1-4A96-B560-FDD9780F9243} = {4E0BDE13-DA40-4307-918F-BFE46D8DBEB7}
		{71395DAF-3504-4DFE-A3CB-7563865E6967} = {4E0BDE13-DA40-4307-918F-BFE46D8DBEB7}
		{1317B712-83B5-4229-A9EF-C3720E9CE769} = {4E0BDE13-DA40-4307-918F-BFE46D8DBEB7}
		{9896081B-8C75-41E8-A889-2B03C6CE24E5} = {4E0BDE13-DA40-4307-918F-BFE46D8DBEB7}
		{2A96D017-B6FC-47DB-811C-D5025FBCBC06} = {C6139B85-5C43-42F5-BD6C-BCC6A8F1D61F}
		{E6501C99-97E8-430F-AE5D-A5C2B1BD3851} = {C6139B85-5C43-42F5-BD6C-BCC6A8F1D61F}
		{F2E258A8-DED6-4CFE-B982-EEA606C0F355} = {C6139B85-5C43-42F5-BD6C-BCC6A8F1D61F}
		{64261E41-C8A4-4045-ACD2-495A6C6F6F4F} = {4E0BDE13-DA40-4307-918F-BFE46D8DBEB7}
	EndGlobalSection
EndGlobal
